Microsoft Visual Studio Solution File, Format Version 12.00
# Visual Studio Version 17
VisualStudioVersion = 17.5.2.0
MinimumVisualStudioVersion = 10.0.40219.1
Project("{FAE04EC0-301F-11D3-BF4B-00C04F79EFBC}") = "mutiplos_11", "mutiplos_11.csproj", "{EBECC2EC-39E2-F43F-DD6C-D688E495BECE}"
EndProject
Global
	GlobalSection(SolutionConfigurationPlatforms) = preSolution
		Debug|Any CPU = Debug|Any CPU
		Release|Any CPU = Release|Any CPU
	EndGlobalSection
	GlobalSection(ProjectConfigurationPlatforms) = postSolution
		{EBECC2EC-39E2-F43F-DD6C-D688E495BECE}.Debug|Any CPU.ActiveCfg = Debug|Any CPU
		{EBECC2EC-39E2-F43F-DD6C-D688E495BECE}.Debug|Any CPU.Build.0 = Debug|Any CPU
		{EBECC2EC-39E2-F43F-DD6C-D688E495BECE}.Release|Any CPU.ActiveCfg = Release|Any CPU
		{EBECC2EC-39E2-F43F-DD6C-D688E495BECE}.Release|Any CPU.Build.0 = Release|Any CPU
	EndGlobalSection
	GlobalSection(SolutionProperties) = preSolution
		HideSolutionNode = FALSE
	EndGlobalSection
	GlobalSection(ExtensibilityGlobals) = postSolution
		SolutionGuid = {FA273530-E1CC-4F63-AB00-4C2CC05976A2}
	EndGlobalSection
EndGlobal
